
Microsoft Visual Studio Solution File, Format Version 12.00
# Visual Studio 15
VisualStudioVersion = 15.0.28307.329
MinimumVisualStudioVersion = 10.0.40219.1
Project("{FAE04EC0-301F-11D3-BF4B-00C04F79EFBC}") = "FinalAssingment", "FinalAssingment\FinalAssingment.csproj", "{B7BA5E74-E70F-4507-932A-2D86CCE95163}"
EndProject
Project("{FAE04EC0-301F-11D3-BF4B-00C04F79EFBC}") = "FinalAssingment.Tests", "FinalAssingment.Tests\FinalAssingment.Tests.csproj", "{3B0BFB7B-D4EE-4EF7-8EFA-713309A137BE}"
EndProject
Global
	GlobalSection(SolutionConfigurationPlatforms) = preSolution
		Debug|Any CPU = Debug|Any CPU
		Release|Any CPU = Release|Any CPU
	EndGlobalSection
	GlobalSection(ProjectConfigurationPlatforms) = postSolution
		{B7BA5E74-E70F-4507-932A-2D86CCE95163}.Debug|Any CPU.ActiveCfg = Debug|Any CPU
		{B7BA5E74-E70F-4507-932A-2D86CCE95163}.Debug|Any CPU.Build.0 = Debug|Any CPU
		{B7BA5E74-E70F-4507-932A-2D86CCE95163}.Release|Any CPU.ActiveCfg = Release|Any CPU
		{B7BA5E74-E70F-4507-932A-2D86CCE95163}.Release|Any CPU.Build.0 = Release|Any CPU
		{3B0BFB7B-D4EE-4EF7-8EFA-713309A137BE}.Debug|Any CPU.ActiveCfg = Debug|Any CPU
		{3B0BFB7B-D4EE-4EF7-8EFA-713309A137BE}.Debug|Any CPU.Build.0 = Debug|Any CPU
		{3B0BFB7B-D4EE-4EF7-8EFA-713309A137BE}.Release|Any CPU.ActiveCfg = Release|Any CPU
		{3B0BFB7B-D4EE-4EF7-8EFA-713309A137BE}.Release|Any CPU.Build.0 = Release|Any CPU
	EndGlobalSection
	GlobalSection(SolutionProperties) = preSolution
		HideSolutionNode = FALSE
	EndGlobalSection
	GlobalSection(ExtensibilityGlobals) = postSolution
		SolutionGuid = {0DA180D6-F002-41F7-B2C9-40E28D9166B3}
	EndGlobalSection
EndGlobal
